Microsoft Visual Studio Solution File, Format Version 12.00
# Visual Studio Version 17
VisualStudioVersion = 17.14.36930.0 d17.14
MinimumVisualStudioVersion = 10.0.40219.1
Project("{8BC9CEB8-8B4A-11D0-8D11-00A0C91BC942}") = "tetris", "tetris.vcxproj", "{00D56AE9-3872-4E1A-8B2E-F65958392961}"
EndProject
Global
	GlobalSection(SolutionConfigurationPlatforms) = preSolution
		Debug|Win32 = Debug|Win32
		Release|Win32 = Release|Win32
	EndGlobalSection
	GlobalSection(ProjectConfigurationPlatforms) = postSolution
		{00D56AE9-3872-4E1A-8B2E-F65958392961}.Debug|Win32.ActiveCfg = Debug|Win32
		{00D56AE9-3872-4E1A-8B2E-F65958392961}.Debug|Win32.Build.0 = Debug|Win32
		{00D56AE9-3872-4E1A-8B2E-F65958392961}.Release|Win32.ActiveCfg = Release|Win32
		{00D56AE9-3872-4E1A-8B2E-F65958392961}.Release|Win32.Build.0 = Release|Win32
	EndGlobalSection
	GlobalSection(SolutionProperties) = preSolution
		HideSolutionNode = FALSE
	EndGlobalSection
	GlobalSection(ExtensibilityGlobals) = postSolution
		SolutionGuid = {5C5E237F-17EF-4ACE-B215-BBFD7BB9254A}
	EndGlobalSection
EndGlobal
